
Microsoft Visual Studio Solution File, Format Version 12.00
# Visual Studio Version 17
VisualStudioVersion = 17.8.34525.116
MinimumVisualStudioVersion = 10.0.40219.1
Project("{FAE04EC0-301F-11D3-BF4B-00C04F79EFBC}") = "BikeStoreApi", "BikeStoreApi.csproj", "{63F4B228-7F7C-4995-96E4-80A839DDEC8F}"
EndProject
Global
	GlobalSection(SolutionConfigurationPlatforms) = preSolution
		Debug|Any CPU = Debug|Any CPU
		Release|Any CPU = Release|Any CPU
	EndGlobalSection
	GlobalSection(ProjectConfigurationPlatforms) = postSolution
		{63F4B228-7F7C-4995-96E4-80A839DDEC8F}.Debug|Any CPU.ActiveCfg = Debug|Any CPU
		{63F4B228-7F7C-4995-96E4-80A839DDEC8F}.Debug|Any CPU.Build.0 = Debug|Any CPU
		{63F4B228-7F7C-4995-96E4-80A839DDEC8F}.Release|Any CPU.ActiveCfg = Release|Any CPU
		{63F4B228-7F7C-4995-96E4-80A839DDEC8F}.Release|Any CPU.Build.0 = Release|Any CPU
	EndGlobalSection
	GlobalSection(SolutionProperties) = preSolution
		HideSolutionNode = FALSE
	EndGlobalSection
	GlobalSection(ExtensibilityGlobals) = postSolution
		SolutionGuid = {3D27CAE8-4FEE-4EE3-A0BB-8898D30AFA10}
	EndGlobalSection
EndGlobal
